
Microsoft Visual Studio Solution File, Format Version 12.00
# Visual Studio 2010
Project("{8BC9CEB8-8B4A-11D0-8D11-00A0C91BC942}") = "pengi", "pengi.vcxproj", "{EA6A450D-0EFB-4763-B580-4BC2D5D79FDB}"
EndProject
Global
	GlobalSection(SolutionConfigurationPlatforms) = preSolution
		Debug|Win32 = Debug|Win32
		Release|Win32 = Release|Win32
	EndGlobalSection
	GlobalSection(ProjectConfigurationPlatforms) = postSolution
		{EA6A450D-0EFB-4763-B580-4BC2D5D79FDB}.Debug|Win32.ActiveCfg = Debug|Win32
		{EA6A450D-0EFB-4763-B580-4BC2D5D79FDB}.Debug|Win32.Build.0 = Debug|Win32
		{EA6A450D-0EFB-4763-B580-4BC2D5D79FDB}.Release|Win32.ActiveCfg = Release|Win32
		{EA6A450D-0EFB-4763-B580-4BC2D5D79FDB}.Release|Win32.Build.0 = Release|Win32
	EndGlobalSection
	GlobalSection(SolutionProperties) = preSolution
		HideSolutionNode = FALSE
	EndGlobalSection
EndGlobal
